
Microsoft Visual Studio Solution File, Format Version 12.00
# Visual Studio Version 17
VisualStudioVersion = 17.11.35312.102
MinimumVisualStudioVersion = 10.0.40219.1
Project("{FAE04EC0-301F-11D3-BF4B-00C04F79EFBC}") = "WinFormsApp5", "WinFormsApp5\WinFormsApp5.csproj", "{E584FE8E-151E-4E01-952C-C44B2B42944E}"
EndProject
Global
	GlobalSection(SolutionConfigurationPlatforms) = preSolution
		Debug|Any CPU = Debug|Any CPU
		Release|Any CPU = Release|Any CPU
	EndGlobalSection
	GlobalSection(ProjectConfigurationPlatforms) = postSolution
		{E584FE8E-151E-4E01-952C-C44B2B42944E}.Debug|Any CPU.ActiveCfg = Debug|Any CPU
		{E584FE8E-151E-4E01-952C-C44B2B42944E}.Debug|Any CPU.Build.0 = Debug|Any CPU
		{E584FE8E-151E-4E01-952C-C44B2B42944E}.Release|Any CPU.ActiveCfg = Release|Any CPU
		{E584FE8E-151E-4E01-952C-C44B2B42944E}.Release|Any CPU.Build.0 = Release|Any CPU
	EndGlobalSection
	GlobalSection(SolutionProperties) = preSolution
		HideSolutionNode = FALSE
	EndGlobalSection
	GlobalSection(ExtensibilityGlobals) = postSolution
		SolutionGuid = {714D522A-623D-4B63-B8B8-5B5A72ED6EC7}
	EndGlobalSection
EndGlobal
